
Microsoft Visual Studio Solution File, Format Version 12.00
# Visual Studio Version 17
VisualStudioVersion = 17.8.34511.84
MinimumVisualStudioVersion = 10.0.40219.1
Project("{FAE04EC0-301F-11D3-BF4B-00C04F79EFBC}") = "Project", "Project\Project.csproj", "{4EE104BC-1F9D-4BE6-B47F-52C4B621210C}"
EndProject
Global
	GlobalSection(SolutionConfigurationPlatforms) = preSolution
		Debug|Any CPU = Debug|Any CPU
		Release|Any CPU = Release|Any CPU
	EndGlobalSection
	GlobalSection(ProjectConfigurationPlatforms) = postSolution
		{4EE104BC-1F9D-4BE6-B47F-52C4B621210C}.Debug|Any CPU.ActiveCfg = Debug|Any CPU
		{4EE104BC-1F9D-4BE6-B47F-52C4B621210C}.Debug|Any CPU.Build.0 = Debug|Any CPU
		{4EE104BC-1F9D-4BE6-B47F-52C4B621210C}.Release|Any CPU.ActiveCfg = Release|Any CPU
		{4EE104BC-1F9D-4BE6-B47F-52C4B621210C}.Release|Any CPU.Build.0 = Release|Any CPU
	EndGlobalSection
	GlobalSection(SolutionProperties) = preSolution
		HideSolutionNode = FALSE
	EndGlobalSection
	GlobalSection(ExtensibilityGlobals) = postSolution
		SolutionGuid = {443F80DD-1CBF-4C7D-8E61-EE685968BE1C}
	EndGlobalSection
EndGlobal
